
Microsoft Visual Studio Solution File, Format Version 12.00
# Visual Studio Version 17
VisualStudioVersion = 17.14.37314.3
MinimumVisualStudioVersion = 10.0.40219.1
Project("{FAE04EC0-301F-11D3-BF4B-00C04F79EFBC}") = "CafePOS.Domain", "CafePOS.Domain\CafePOS.Domain.csproj", "{FF0EA471-7AC9-4D4E-AC1B-C316F902068E}"
EndProject
Project("{FAE04EC0-301F-11D3-BF4B-00C04F79EFBC}") = "CafePOS.Application", "CafePOS.Application\CafePOS.Application.csproj", "{C87D7CE8-6E59-4CCA-BBD1-9F62A9B4223C}"
EndProject
Project("{FAE04EC0-301F-11D3-BF4B-00C04F79EFBC}") = "CafePOS.Infrastructure", "CafePOS.Infrastructure\CafePOS.Infrastructure.csproj", "{D53CB62D-5ABA-4E91-8F85-AD6722A56611}"
EndProject
Project("{FAE04EC0-301F-11D3-BF4B-00C04F79EFBC}") = "CafePOS.API", "CafePOS.API\CafePOS.API.csproj", "{7CD0A407-F717-45A3-BB52-3AAC615B1DA8}"
EndProject
Project("{FAE04EC0-301F-11D3-BF4B-00C04F79EFBC}") = "CafePOS.Web", "CafePOS.Web\CafePOS.Web.csproj", "{1CB47BD3-59E8-4EB7-A05C-940FA9D1E9A9}"
EndProject
Global
	GlobalSection(SolutionConfigurationPlatforms) = preSolution
		Debug|Any CPU = Debug|Any CPU
		Debug|x64 = Debug|x64
		Debug|x86 = Debug|x86
		Release|Any CPU = Release|Any CPU
		Release|x64 = Release|x64
		Release|x86 = Release|x86
	EndGlobalSection
	GlobalSection(ProjectConfigurationPlatforms) = postSolution
		{FF0EA471-7AC9-4D4E-AC1B-C316F902068E}.Debug|Any CPU.ActiveCfg = Debug|Any CPU
		{FF0EA471-7AC9-4D4E-AC1B-C316F902068E}.Debug|Any CPU.Build.0 = Debug|Any CPU
		{FF0EA471-7AC9-4D4E-AC1B-C316F902068E}.Debug|x64.ActiveCfg = Debug|Any CPU
		{FF0EA471-7AC9-4D4E-AC1B-C316F902068E}.Debug|x64.Build.0 = Debug|Any CPU
		{FF0EA471-7AC9-4D4E-AC1B-C316F902068E}.Debug|x86.ActiveCfg = Debug|Any CPU
		{FF0EA471-7AC9-4D4E-AC1B-C316F902068E}.Debug|x86.Build.0 = Debug|Any CPU
		{FF0EA471-7AC9-4D4E-AC1B-C316F902068E}.Release|Any CPU.ActiveCfg = Release|Any CPU
		{FF0EA471-7AC9-4D4E-AC1B-C316F902068E}.Release|Any CPU.Build.0 = Release|Any CPU
		{FF0EA471-7AC9-4D4E-AC1B-C316F902068E}.Release|x64.ActiveCfg = Release|Any CPU
		{FF0EA471-7AC9-4D4E-AC1B-C316F902068E}.Release|x64.Build.0 = Release|Any CPU
		{FF0EA471-7AC9-4D4E-AC1B-C316F902068E}.Release|x86.ActiveCfg = Release|Any CPU
		{FF0EA471-7AC9-4D4E-AC1B-C316F902068E}.Release|x86.Build.0 = Release|Any CPU
		{C87D7CE8-6E59-4CCA-BBD1-9F62A9B4223C}.Debug|Any CPU.ActiveCfg = Debug|Any CPU
		{C87D7CE8-6E59-4CCA-BBD1-9F62A9B4223C}.Debug|Any CPU.Build.0 = Debug|Any CPU
		{C87D7CE8-6E59-4CCA-BBD1-9F62A9B4223C}.Debug|x64.ActiveCfg = Debug|Any CPU
		{C87D7CE8-6E59-4CCA-BBD1-9F62A9B4223C}.Debug|x64.Build.0 = Debug|Any CPU
		{C87D7CE8-6E59-4CCA-BBD1-9F62A9B4223C}.Debug|x86.ActiveCfg = Debug|Any CPU
		{C87D7CE8-6E59-4CCA-BBD1-9F62A9B4223C}.Debug|x86.Build.0 = Debug|Any CPU
		{C87D7CE8-6E59-4CCA-BBD1-9F62A9B4223C}.Release|Any CPU.ActiveCfg = Release|Any CPU
		{C87D7CE8-6E59-4CCA-BBD1-9F62A9B4223C}.Release|Any CPU.Build.0 = Release|Any CPU
		{C87D7CE8-6E59-4CCA-BBD1-9F62A9B4223C}.Release|x64.ActiveCfg = Release|Any CPU
		{C87D7CE8-6E59-4CCA-BBD1-9F62A9B4223C}.Release|x64.Build.0 = Release|Any CPU
		{C87D7CE8-6E59-4CCA-BBD1-9F62A9B4223C}.Release|x86.ActiveCfg = Release|Any CPU
		{C87D7CE8-6E59-4CCA-BBD1-9F62A9B4223C}.Release|x86.Build.0 = Release|Any CPU
		{D53CB62D-5ABA-4E91-8F85-AD6722A56611}.Debug|Any CPU.ActiveCfg = Debug|Any CPU
		{D53CB62D-5ABA-4E91-8F85-AD6722A56611}.Debug|Any CPU.Build.0 = Debug|Any CPU
		{D53CB62D-5ABA-4E91-8F85-AD6722A56611}.Debug|x64.ActiveCfg = Debug|Any CPU
		{D53CB62D-5ABA-4E91-8F85-AD6722A56611}.Debug|x64.Build.0 = Debug|Any CPU
		{D53CB62D-5ABA-4E91-8F85-AD6722A56611}.Debug|x86.ActiveCfg = Debug|Any CPU
		{D53CB62D-5ABA-4E91-8F85-AD6722A56611}.Debug|x86.Build.0 = Debug|Any CPU
		{D53CB62D-5ABA-4E91-8F85-AD6722A56611}.Release|Any CPU.ActiveCfg = Release|Any CPU
		{D53CB62D-5ABA-4E91-8F85-AD6722A56611}.Release|Any CPU.Build.0 = Release|Any CPU
		{D53CB62D-5ABA-4E91-8F85-AD6722A56611}.Release|x64.ActiveCfg = Release|Any CPU
		{D53CB62D-5ABA-4E91-8F85-AD6722A56611}.Release|x64.Build.0 = Release|Any CPU
		{D53CB62D-5ABA-4E91-8F85-AD6722A56611}.Release|x86.ActiveCfg = Release|Any CPU
		{D53CB62D-5ABA-4E91-8F85-AD6722A56611}.Release|x86.Build.0 = Release|Any CPU
		{7CD0A407-F717-45A3-BB52-3AAC615B1DA8}.Debug|Any CPU.ActiveCfg = Debug|Any CPU
		{7CD0A407-F717-45A3-BB52-3AAC615B1DA8}.Debug|Any CPU.Build.0 = Debug|Any CPU
		{7CD0A407-F717-45A3-BB52-3AAC615B1DA8}.Debug|x64.ActiveCfg = Debug|Any CPU
		{7CD0A407-F717-45A3-BB52-3AAC615B1DA8}.Debug|x64.Build.0 = Debug|Any CPU
		{7CD0A407-F717-45A3-BB52-3AAC615B1DA8}.Debug|x86.ActiveCfg = Debug|Any CPU
		{7CD0A407-F717-45A3-BB52-3AAC615B1DA8}.Debug|x86.Build.0 = Debug|Any CPU
		{7CD0A407-F717-45A3-BB52-3AAC615B1DA8}.Release|Any CPU.ActiveCfg = Release|Any CPU
		{7CD0A407-F717-45A3-BB52-3AAC615B1DA8}.Release|Any CPU.Build.0 = Release|Any CPU
		{7CD0A407-F717-45A3-BB52-3AAC615B1DA8}.Release|x64.ActiveCfg = Release|Any CPU
		{7CD0A407-F717-45A3-BB52-3AAC615B1DA8}.Release|x64.Build.0 = Release|Any CPU
		{7CD0A407-F717-45A3-BB52-3AAC615B1DA8}.Release|x86.ActiveCfg = Release|Any CPU
		{7CD0A407-F717-45A3-BB52-3AAC615B1DA8}.Release|x86.Build.0 = Release|Any CPU
		{1CB47BD3-59E8-4EB7-A05C-940FA9D1E9A9}.Debug|Any CPU.ActiveCfg = Debug|Any CPU
		{1CB47BD3-59E8-4EB7-A05C-940FA9D1E9A9}.Debug|Any CPU.Build.0 = Debug|Any CPU
		{1CB47BD3-59E8-4EB7-A05C-940FA9D1E9A9}.Debug|x64.ActiveCfg = Debug|Any CPU
		{1CB47BD3-59E8-4EB7-A05C-940FA9D1E9A9}.Debug|x64.Build.0 = Debug|Any CPU
		{1CB47BD3-59E8-4EB7-A05C-940FA9D1E9A9}.Debug|x86.ActiveCfg = Debug|Any CPU
		{1CB47BD3-59E8-4EB7-A05C-940FA9D1E9A9}.Debug|x86.Build.0 = Debug|Any CPU
		{1CB47BD3-59E8-4EB7-A05C-940FA9D1E9A9}.Release|Any CPU.ActiveCfg = Release|Any CPU
		{1CB47BD3-59E8-4EB7-A05C-940FA9D1E9A9}.Release|Any CPU.Build.0 = Release|Any CPU
		{1CB47BD3-59E8-4EB7-A05C-940FA9D1E9A9}.Release|x64.ActiveCfg = Release|Any CPU
		{1CB47BD3-59E8-4EB7-A05C-940FA9D1E9A9}.Release|x64.Build.0 = Release|Any CPU
		{1CB47BD3-59E8-4EB7-A05C-940FA9D1E9A9}.Release|x86.ActiveCfg = Release|Any CPU
		{1CB47BD3-59E8-4EB7-A05C-940FA9D1E9A9}.Release|x86.Build.0 = Release|Any CPU
	EndGlobalSection
	GlobalSection(SolutionProperties) = preSolution
		HideSolutionNode = FALSE
	EndGlobalSection
	GlobalSection(ExtensibilityGlobals) = postSolution
		SolutionGuid = {D512E757-5E07-4BF7-AE34-610114F76E4B}
	EndGlobalSection
EndGlobal
